<?xml version="1.0" encoding="utf-8"?>
<Project ToolsVersion="4.0" xmlns="http://schemas.microsoft.com/developer/msbuild/2003">
  <ItemGroup>
    <Filter Include="Source Files">
      <UniqueIdentifier>{4FC737F1-C7A5-4376-A066-2A32D752A2FF}</UniqueIdentifier>
      <Extensions>cpp;c;cc;cxx;def;odl;idl;hpj;bat;asm;asmx</Extensions>
    </Filter>
    <Filter Include="Header Files">
      <UniqueIdentifier>{93995380-89BD-4b04-88EB-625FBE52EBFB}</UniqueIdentifier>
      <Extensions>h;hh;hpp;hxx;hm;inl;inc;xsd</Extensions>
    </Filter>
    <Filter Include="Resource Files">
      <UniqueIdentifier>{67DA6AB6-F800-4c08-8B7A-83BB121AAD01}</UniqueIdentifier>
      <Extensions>rc;ico;cur;bmp;dlg;rc2;rct;bin;rgs;gif;jpg;jpeg;jpe;resx;tiff;tif;png;wav;mfcribbon-ms</Extensions>
    </Filter>
  </ItemGroup>
  <ItemGroup>
    <ClCompile Include="..\..\..\src\iamf_enc\dmpd\asc\src\asc_common_bs.c">
      <Filter>Source Files</Filter>
    </ClCompile>
    <ClCompile Include="..\..\..\src\iamf_enc\dmpd\asc\src\asc_dn.c">
      <Filter>Source Files</Filter>
    </ClCompile>
    <ClCompile Include="..\..\..\src\iamf_enc\dmpd\asc\src\asc_test.c">
      <Filter>Source Files</Filter>
    </ClCompile>
    <ClCompile Include="..\..\..\src\iamf_enc\dmpd\asc\src\common.c">
      <Filter>Source Files</Filter>
    </ClCompile>
    <ClCompile Include="..\..\..\src\iamf_enc\dmpd\asc\src\effect_stft_abs.c">
      <Filter>Source Files</Filter>
    </ClCompile>
    <ClCompile Include="..\..\..\src\iamf_enc\dmpd\asc\src\interpreter.c">
      <Filter>Source Files</Filter>
    </ClCompile>
    <ClCompile Include="..\..\..\src\iamf_enc\dmpd\asc\src\kernel.c">
      <Filter>Source Files</Filter>
    </ClCompile>
    <ClCompile Include="..\..\..\src\iamf_enc\dmpd\asc\src\mel_matrix.c">
      <Filter>Source Files</Filter>
    </ClCompile>
    <ClCompile Include="..\..\..\src\iamf_enc\dmpd\asc\src\opresolver.c">
      <Filter>Source Files</Filter>
    </ClCompile>
    <ClCompile Include="..\..\..\src\iamf_enc\dmpd\asc\src\sample_d_data.c">
      <Filter>Source Files</Filter>
    </ClCompile>
    <ClCompile Include="..\..\..\src\iamf_enc\dmpd\asc\src\sample_e_data.c">
      <Filter>Source Files</Filter>
    </ClCompile>
    <ClCompile Include="..\..\..\src\iamf_enc\dmpd\asc\src\stft_abs.c">
      <Filter>Source Files</Filter>
    </ClCompile>
    <ClCompile Include="..\..\..\src\iamf_enc\dmpd\asc\src\subgraph.c">
      <Filter>Source Files</Filter>
    </ClCompile>
    <ClCompile Include="..\..\..\src\iamf_enc\dmpd\asc\src\tflite.c">
      <Filter>Source Files</Filter>
    </ClCompile>
    <ClCompile Include="..\..\..\src\iamf_enc\dmpd\asc\src\transpose_1.c">
      <Filter>Source Files</Filter>
    </ClCompile>
    <ClCompile Include="..\..\..\src\iamf_enc\dmpd\asc\src\transpose_3.c">
      <Filter>Source Files</Filter>
    </ClCompile>
    <ClCompile Include="..\..\..\src\iamf_enc\dmpd\asc\src\util.c">
      <Filter>Source Files</Filter>
    </ClCompile>
    <ClCompile Include="..\..\..\src\iamf_enc\dmpd\asc\src\wave.c">
      <Filter>Source Files</Filter>
    </ClCompile>
    <ClCompile Include="..\..\..\src\iamf_enc\dmpd\asc\src\kernels\abs.c">
      <Filter>Source Files</Filter>
    </ClCompile>
    <ClCompile Include="..\..\..\src\iamf_enc\dmpd\asc\src\kernels\add.c">
      <Filter>Source Files</Filter>
    </ClCompile>
    <ClCompile Include="..\..\..\src\iamf_enc\dmpd\asc\src\kernels\arg_max.c">
      <Filter>Source Files</Filter>
    </ClCompile>
    <ClCompile Include="..\..\..\src\iamf_enc\dmpd\asc\src\kernels\concatenation.c">
      <Filter>Source Files</Filter>
    </ClCompile>
    <ClCompile Include="..\..\..\src\iamf_enc\dmpd\asc\src\kernels\conv2d.c">
      <Filter>Source Files</Filter>
    </ClCompile>
    <ClCompile Include="..\..\..\src\iamf_enc\dmpd\asc\src\kernels\depthwise_conv_2d.c">
      <Filter>Source Files</Filter>
    </ClCompile>
    <ClCompile Include="..\..\..\src\iamf_enc\dmpd\asc\src\kernels\div.c">
      <Filter>Source Files</Filter>
    </ClCompile>
    <ClCompile Include="..\..\..\src\iamf_enc\dmpd\asc\src\kernels\fully_connected.c">
      <Filter>Source Files</Filter>
    </ClCompile>
    <ClCompile Include="..\..\..\src\iamf_enc\dmpd\asc\src\kernels\max_pool_2d.c">
      <Filter>Source Files</Filter>
    </ClCompile>
    <ClCompile Include="..\..\..\src\iamf_enc\dmpd\asc\src\kernels\mean.c">
      <Filter>Source Files</Filter>
    </ClCompile>
    <ClCompile Include="..\..\..\src\iamf_enc\dmpd\asc\src\kernels\mirror_pad.c">
      <Filter>Source Files</Filter>
    </ClCompile>
    <ClCompile Include="..\..\..\src\iamf_enc\dmpd\asc\src\kernels\mul.c">
      <Filter>Source Files</Filter>
    </ClCompile>
    <ClCompile Include="..\..\..\src\iamf_enc\dmpd\asc\src\kernels\neg.c">
      <Filter>Source Files</Filter>
    </ClCompile>
    <ClCompile Include="..\..\..\src\iamf_enc\dmpd\asc\src\kernels\relu.c">
      <Filter>Source Files</Filter>
    </ClCompile>
    <ClCompile Include="..\..\..\src\iamf_enc\dmpd\asc\src\kernels\reshape.c">
      <Filter>Source Files</Filter>
    </ClCompile>
    <ClCompile Include="..\..\..\src\iamf_enc\dmpd\asc\src\kernels\rsqrt.c">
      <Filter>Source Files</Filter>
    </ClCompile>
    <ClCompile Include="..\..\..\src\iamf_enc\dmpd\asc\src\kernels\softmax.c">
      <Filter>Source Files</Filter>
    </ClCompile>
    <ClCompile Include="..\..\..\src\iamf_enc\dmpd\asc\src\kernels\sqrt.c">
      <Filter>Source Files</Filter>
    </ClCompile>
    <ClCompile Include="..\..\..\src\iamf_enc\dmpd\asc\src\kernels\square_difference.c">
      <Filter>Source Files</Filter>
    </ClCompile>
    <ClCompile Include="..\..\..\src\iamf_enc\dmpd\asc\src\kernels\strided_slice.c">
      <Filter>Source Files</Filter>
    </ClCompile>
    <ClCompile Include="..\..\..\src\iamf_enc\dmpd\asc\src\kernels\sub.c">
      <Filter>Source Files</Filter>
    </ClCompile>
    <ClCompile Include="..\..\..\src\iamf_enc\dmpd\asc\src\kernels\sum.c">
      <Filter>Source Files</Filter>
    </ClCompile>
    <ClCompile Include="..\..\..\src\iamf_enc\dmpd\asc\src\kernels\tanh.c">
      <Filter>Source Files</Filter>
    </ClCompile>
    <ClCompile Include="..\..\..\src\iamf_enc\dmpd\asc\src\kernels\transpose_conv.c">
      <Filter>Source Files</Filter>
    </ClCompile>
    <ClCompile Include="..\..\..\src\iamf_enc\dmpd\asc\resampler\asc_resample.c">
      <Filter>Source Files</Filter>
    </ClCompile>
  </ItemGroup>
  <ItemGroup>
    <ClInclude Include="..\..\..\src\iamf_enc\dmpd\asc\src\asc_common_bs.h">
      <Filter>Header Files</Filter>
    </ClInclude>
    <ClInclude Include="..\..\..\src\iamf_enc\dmpd\asc\src\builtin_op_data.h">
      <Filter>Header Files</Filter>
    </ClInclude>
    <ClInclude Include="..\..\..\src\iamf_enc\dmpd\asc\src\common.h">
      <Filter>Header Files</Filter>
    </ClInclude>
    <ClInclude Include="..\..\..\src\iamf_enc\dmpd\asc\src\defs.h">
      <Filter>Header Files</Filter>
    </ClInclude>
    <ClInclude Include="..\..\..\src\iamf_enc\dmpd\asc\src\interpreter.h">
      <Filter>Header Files</Filter>
    </ClInclude>
    <ClInclude Include="..\..\..\src\iamf_enc\dmpd\asc\src\kernel.h">
      <Filter>Header Files</Filter>
    </ClInclude>
    <ClInclude Include="..\..\..\src\iamf_enc\dmpd\asc\src\opresolver.h">
      <Filter>Header Files</Filter>
    </ClInclude>
    <ClInclude Include="..\..\..\src\iamf_enc\dmpd\asc\src\subgraph.h">
      <Filter>Header Files</Filter>
    </ClInclude>
    <ClInclude Include="..\..\..\src\iamf_enc\dmpd\asc\src\util.h">
      <Filter>Header Files</Filter>
    </ClInclude>
    <ClInclude Include="..\..\..\src\iamf_enc\dmpd\asc\src\wave.h">
      <Filter>Header Files</Filter>
    </ClInclude>
    <ClInclude Include="..\..\..\src\iamf_enc\dmpd\asc\resampler\asc_resampler.h">
      <Filter>Header Files</Filter>
    </ClInclude>
    <ClInclude Include="..\..\..\src\iamf_enc\dmpd\asc\include\iamf_asc.h">
      <Filter>Header Files</Filter>
    </ClInclude>
  </ItemGroup>
</Project>